
Microsoft Visual Studio Solution File, Format Version 12.00
# Visual Studio Version 16
VisualStudioVersion = 16.0.31129.286
MinimumVisualStudioVersion = 10.0.40219.1
Project("{9A19103F-16F7-4668-BE54-9A1E7A4F7556}") = "BlazorService", "BlazorService\BlazorService.csproj", "{B0E04951-581D-43D6-A120-610BC8F9E334}"
EndProject
Project("{9A19103F-16F7-4668-BE54-9A1E7A4F7556}") = "EmployeeManagement.Models", "EmployeeManagement.Models\EmployeeManagement.Models.csproj", "{59D52583-FD23-4BA4-A11A-6F2206937310}"
EndProject
Project("{FAE04EC0-301F-11D3-BF4B-00C04F79EFBC}") = "EmpManagement.API", "EmpManagement.API\EmpManagement.API.csproj", "{B4D30CF8-97C5-4F75-9C13-697D144C998A}"
EndProject
Global
	GlobalSection(SolutionConfigurationPlatforms) = preSolution
		Debug|Any CPU = Debug|Any CPU
		Release|Any CPU = Release|Any CPU
	EndGlobalSection
	GlobalSection(ProjectConfigurationPlatforms) = postSolution
		{B0E04951-581D-43D6-A120-610BC8F9E334}.Debug|Any CPU.ActiveCfg = Debug|Any CPU
		{B0E04951-581D-43D6-A120-610BC8F9E334}.Debug|Any CPU.Build.0 = Debug|Any CPU
		{B0E04951-581D-43D6-A120-610BC8F9E334}.Release|Any CPU.ActiveCfg = Release|Any CPU
		{B0E04951-581D-43D6-A120-610BC8F9E334}.Release|Any CPU.Build.0 = Release|Any CPU
		{59D52583-FD23-4BA4-A11A-6F2206937310}.Debug|Any CPU.ActiveCfg = Debug|Any CPU
		{59D52583-FD23-4BA4-A11A-6F2206937310}.Debug|Any CPU.Build.0 = Debug|Any CPU
		{59D52583-FD23-4BA4-A11A-6F2206937310}.Release|Any CPU.ActiveCfg = Release|Any CPU
		{59D52583-FD23-4BA4-A11A-6F2206937310}.Release|Any CPU.Build.0 = Release|Any CPU
		{B4D30CF8-97C5-4F75-9C13-697D144C998A}.Debug|Any CPU.ActiveCfg = Debug|Any CPU
		{B4D30CF8-97C5-4F75-9C13-697D144C998A}.Debug|Any CPU.Build.0 = Debug|Any CPU
		{B4D30CF8-97C5-4F75-9C13-697D144C998A}.Release|Any CPU.ActiveCfg = Release|Any CPU
		{B4D30CF8-97C5-4F75-9C13-697D144C998A}.Release|Any CPU.Build.0 = Release|Any CPU
	EndGlobalSection
	GlobalSection(SolutionProperties) = preSolution
		HideSolutionNode = FALSE
	EndGlobalSection
	GlobalSection(ExtensibilityGlobals) = postSolution
		SolutionGuid = {1BA84AE0-9BC9-49C0-BC01-12580A2ABDBA}
	EndGlobalSection
EndGlobal
